
Microsoft Visual Studio Solution File, Format Version 12.00
# Visual Studio 2012
Project("{FAE04EC0-301F-11D3-BF4B-00C04F79EFBC}") = "FirstConsoleProject", "FirstConsoleProject\FirstConsoleProject.csproj", "{D7D0BE2F-5990-4F71-BDF2-FF32E50F79B1}"
EndProject
Global
	GlobalSection(SolutionConfigurationPlatforms) = preSolution
		Debug|x86 = Debug|x86
		Release|x86 = Release|x86
	EndGlobalSection
	GlobalSection(ProjectConfigurationPlatforms) = postSolution
		{D7D0BE2F-5990-4F71-BDF2-FF32E50F79B1}.Debug|x86.ActiveCfg = Debug|x86
		{D7D0BE2F-5990-4F71-BDF2-FF32E50F79B1}.Debug|x86.Build.0 = Debug|x86
		{D7D0BE2F-5990-4F71-BDF2-FF32E50F79B1}.Release|x86.ActiveCfg = Release|x86
		{D7D0BE2F-5990-4F71-BDF2-FF32E50F79B1}.Release|x86.Build.0 = Release|x86
	EndGlobalSection
EndGlobal
